# THIS IS AN AUTOGENERATED FILE. DO NOT EDIT THIS FILE DIRECTLY.
# yarn lockfile v1


"@babel/parser@^7.2.3":
  version "7.2.3"
  resolved "https://registry.yarnpkg.com/@babel/parser/-/parser-7.2.3.tgz#32f5df65744b70888d17872ec106b02434ba1489"

ejs@^2.6.1:
  version "2.6.1"
  resolved "https://registry.yarnpkg.com/ejs/-/ejs-2.6.1.tgz#498ec0d495655abc6f23cd61868d926464071aa0"
